
Microsoft Visual Studio Solution File, Format Version 12.00
# Visual Studio Version 17
VisualStudioVersion = 17.9.34902.65
MinimumVisualStudioVersion = 10.0.40219.1
Project("{FAE04EC0-301F-11D3-BF4B-00C04F79EFBC}") = "talabatyyyy.test", "talabatyyyy.test\talabatyyyy.test.csproj", "{421A3188-98DC-481B-8406-FA8C6248EC61}"
EndProject
Project("{FAE04EC0-301F-11D3-BF4B-00C04F79EFBC}") = "talabatyyyy.Core", "talbatyyyy.Core\talabatyyyy.Core.csproj", "{542C800A-F22D-4B95-98F8-31D35D0C4808}"
EndProject
Project("{FAE04EC0-301F-11D3-BF4B-00C04F79EFBC}") = "talabatyyy.Repository", "talabatyyy.Repository\talabatyyy.Repository.csproj", "{DEC773CB-38F0-4FCC-B64A-1530BEACC1BF}"
EndProject
Project("{FAE04EC0-301F-11D3-BF4B-00C04F79EFBC}") = "talabatyyyy.Service", "talabatyyyy.Service\talabatyyyy.Service.csproj", "{3191F393-3E24-4C82-AF3D-46DEAD0019E7}"
EndProject
Global
	GlobalSection(SolutionConfigurationPlatforms) = preSolution
		Debug|Any CPU = Debug|Any CPU
		Release|Any CPU = Release|Any CPU
	EndGlobalSection
	GlobalSection(ProjectConfigurationPlatforms) = postSolution
		{421A3188-98DC-481B-8406-FA8C6248EC61}.Debug|Any CPU.ActiveCfg = Debug|Any CPU
		{421A3188-98DC-481B-8406-FA8C6248EC61}.Debug|Any CPU.Build.0 = Debug|Any CPU
		{421A3188-98DC-481B-8406-FA8C6248EC61}.Release|Any CPU.ActiveCfg = Release|Any CPU
		{421A3188-98DC-481B-8406-FA8C6248EC61}.Release|Any CPU.Build.0 = Release|Any CPU
		{542C800A-F22D-4B95-98F8-31D35D0C4808}.Debug|Any CPU.ActiveCfg = Debug|Any CPU
		{542C800A-F22D-4B95-98F8-31D35D0C4808}.Debug|Any CPU.Build.0 = Debug|Any CPU
		{542C800A-F22D-4B95-98F8-31D35D0C4808}.Release|Any CPU.ActiveCfg = Release|Any CPU
		{542C800A-F22D-4B95-98F8-31D35D0C4808}.Release|Any CPU.Build.0 = Release|Any CPU
		{DEC773CB-38F0-4FCC-B64A-1530BEACC1BF}.Debug|Any CPU.ActiveCfg = Debug|Any CPU
		{DEC773CB-38F0-4FCC-B64A-1530BEACC1BF}.Debug|Any CPU.Build.0 = Debug|Any CPU
		{DEC773CB-38F0-4FCC-B64A-1530BEACC1BF}.Release|Any CPU.ActiveCfg = Release|Any CPU
		{DEC773CB-38F0-4FCC-B64A-1530BEACC1BF}.Release|Any CPU.Build.0 = Release|Any CPU
		{3191F393-3E24-4C82-AF3D-46DEAD0019E7}.Debug|Any CPU.ActiveCfg = Debug|Any CPU
		{3191F393-3E24-4C82-AF3D-46DEAD0019E7}.Debug|Any CPU.Build.0 = Debug|Any CPU
		{3191F393-3E24-4C82-AF3D-46DEAD0019E7}.Release|Any CPU.ActiveCfg = Release|Any CPU
		{3191F393-3E24-4C82-AF3D-46DEAD0019E7}.Release|Any CPU.Build.0 = Release|Any CPU
	EndGlobalSection
	GlobalSection(SolutionProperties) = preSolution
		HideSolutionNode = FALSE
	EndGlobalSection
	GlobalSection(ExtensibilityGlobals) = postSolution
		SolutionGuid = {382FB660-9DE7-41D2-A4FA-A8E30FE78B37}
	EndGlobalSection
EndGlobal
